PODS:
  - SDWebImage (5.19.4):
    - SDWebImage/Core (= 5.19.4)
  - SDWebImage/Core (5.19.4)

DEPENDENCIES:
  - SDWebImage

SPEC REPOS:
  trunk:
    - SDWebImage

SPEC CHECKSUMS:
  SDWebImage: 066c47b573f408f18caa467d71deace7c0f8280d

PODFILE CHECKSUM: 30e5e96515be79491598fc660134e767069c52f7

COCOAPODS: 1.15.2
